// !$*UTF8*$!
{
	archiveVersion = 1;
	classes = {
	};
	objectVersion = 56;
	objects = {

/* Begin PBXBuildFile section */
		78A10832290384B6008F07BA /* AppDelegate.swift in Sources */ = {isa = PBXBuildFile; fileRef = 78A10831290384B6008F07BA /* AppDelegate.swift */; };
		78A10834290384B6008F07BA /* SceneDelegate.swift in Sources */ = {isa = PBXBuildFile; fileRef = 78A10833290384B6008F07BA /* SceneDelegate.swift */; };
		78A10836290384B6008F07BA /* ViewController.swift in Sources */ = {isa = PBXBuildFile; fileRef = 78A10835290384B6008F07BA /* ViewController.swift */; };
		78A10839290384B6008F07BA /* Main.storyboard in Resources */ = {isa = PBXBuildFile; fileRef = 78A10837290384B6008F07BA /* Main.storyboard */; };
		78A1083B290384B8008F07BA /* Assets.xcassets in Resources */ = {isa = PBXBuildFile; fileRef = 78A1083A290384B8008F07BA /* Assets.xcassets */; };
		78A1083E290384B8008F07BA /* LaunchScreen.storyboard in Resources */ = {isa = PBXBuildFile; fileRef = 78A1083C290384B8008F07BA /* LaunchScreen.storyboard */; };
		78A10849290384B8008F07BA /* MVVMArchitectureTemplateTests.swift in Sources */ = {isa = PBXBuildFile; fileRef = 78A10848290384B8008F07BA /* MVVMArchitectureTemplateTests.swift */; };
		78A10853290384B8008F07BA /* MVVMArchitectureTemplateUITests.swift in Sources */ = {isa = PBXBuildFile; fileRef = 78A10852290384B8008F07BA /* MVVMArchitectureTemplateUITests.swift */; };
		78A10855290384B8008F07BA /* MVVMArchitectureTemplateUITestsLaunchTests.swift in Sources */ = {isa = PBXBuildFile; fileRef = 78A10854290384B8008F07BA /* MVVMArchitectureTemplateUITestsLaunchTests.swift */; };
/* End PBXBuildFile section */

/* Begin PBXContainerItemProxy section */
		78A10845290384B8008F07BA /* PBXContainerItemProxy */ = {
			isa = PBXContainerItemProxy;
			containerPortal = 78A10826290384B6008F07BA /* Project object */;
			proxyType = 1;
			remoteGlobalIDString = 78A1082D290384B6008F07BA;
			remoteInfo = MVVMArchitectureTemplate;
		};
		78A1084F290384B8008F07BA /* PBXContainerItemProxy */ = {
			isa = PBXContainerItemProxy;
			containerPortal = 78A10826290384B6008F07BA /* Project object */;
			proxyType = 1;
			remoteGlobalIDString = 78A1082D290384B6008F07BA;
			remoteInfo = MVVMArchitectureTemplate;
		};
/* End PBXContainerItemProxy section */

/* Begin PBXFileReference section */
		78A1082E290384B6008F07BA /* MVVMArchitectureTemplate.app */ = {isa = PBXFileReference; explicitFileType = wrapper.application; includeInIndex = 0; path = MVVMArchitectureTemplate.app; sourceTree = BUILT_PRODUCTS_DIR; };
		78A10831290384B6008F07BA /* AppDelegate.swift */ = {isa = PBXFileReference; lastKnownFileType = sourcecode.swift; path = AppDelegate.swift; sourceTree = "<group>"; };
		78A10833290384B6008F07BA /* SceneDelegate.swift */ = {isa = PBXFileReference; lastKnownFileType = sourcecode.swift; path = SceneDelegate.swift; sourceTree = "<group>"; };
		78A10835290384B6008F07BA /* ViewController.swift */ = {isa = PBXFileReference; lastKnownFileType = sourcecode.swift; path = ViewController.swift; sourceTree = "<group>"; };
		78A10838290384B6008F07BA /* Base */ = {isa = PBXFileReference; lastKnownFileType = file.storyboard; name = Base; path = Base.lproj/Main.storyboard; sourceTree = "<group>"; };
		78A1083A290384B8008F07BA /* Assets.xcassets */ = {isa = PBXFileReference; lastKnownFileType = folder.assetcatalog; path = Assets.xcassets; sourceTree = "<group>"; };
		78A1083D290384B8008F07BA /* Base */ = {isa = PBXFileReference; lastKnownFileType = file.storyboard; name = Base; path = Base.lproj/LaunchScreen.storyboard; sourceTree = "<group>"; };
		78A1083F290384B8008F07BA /* Info.plist */ = {isa = PBXFileReference; lastKnownFileType = text.plist.xml; path = Info.plist; sourceTree = "<group>"; };
		78A10844290384B8008F07BA /* MVVMArchitectureTemplateTests.xctest */ = {isa = PBXFileReference; explicitFileType = wrapper.cfbundle; includeInIndex = 0; path = MVVMArchitectureTemplateTests.xctest; sourceTree = BUILT_PRODUCTS_DIR; };
		78A10848290384B8008F07BA /* MVVMArchitectureTemplateTests.swift */ = {isa = PBXFileReference; lastKnownFileType = sourcecode.swift; path = MVVMArchitectureTemplateTests.swift; sourceTree = "<group>"; };
		78A1084E290384B8008F07BA /* MVVMArchitectureTemplateUITests.xctest */ = {isa = PBXFileReference; explicitFileType = wrapper.cfbundle; includeInIndex = 0; path = MVVMArchitectureTemplateUITests.xctest; sourceTree = BUILT_PRODUCTS_DIR; };
		78A10852290384B8008F07BA /* MVVMArchitectureTemplateUITests.swift */ = {isa = PBXFileReference; lastKnownFileType = sourcecode.swift; path = MVVMArchitectureTemplateUITests.swift; sourceTree = "<group>"; };
		78A10854290384B8008F07BA /* MVVMArchitectureTemplateUITestsLaunchTests.swift */ = {isa = PBXFileReference; lastKnownFileType = sourcecode.swift; path = MVVMArchitectureTemplateUITestsLaunchTests.swift; sourceTree = "<group>"; };
/* End PBXFileReference section */

/* Begin PBXFrameworksBuildPhase section */
		78A1082B290384B6008F07BA /* Frameworks */ = {
			isa = PBXFrameworksBuildPhase;
			buildActionMask = 2147483647;
			files = (
			);
			runOnlyForDeploymentPostprocessing = 0;
		};
		78A10841290384B8008F07BA /* Frameworks */ = {
			isa = PBXFrameworksBuildPhase;
			buildActionMask = 2147483647;
			files = (
			);
			runOnlyForDeploymentPostprocessing = 0;
		};
		78A1084B290384B8008F07BA /* Frameworks */ = {
			isa = PBXFrameworksBuildPhase;
			buildActionMask = 2147483647;
			files = (
			);
			runOnlyForDeploymentPostprocessing = 0;
		};
/* End PBXFrameworksBuildPhase section */

/* Begin PBXGroup section */
		78A10825290384B6008F07BA = {
			isa = PBXGroup;
			children = (
				78A10830290384B6008F07BA /* MVVMArchitectureTemplate */,
				78A10847290384B8008F07BA /* MVVMArchitectureTemplateTests */,
				78A10851290384B8008F07BA /* MVVMArchitectureTemplateUITests */,
				78A1082F290384B6008F07BA /* Products */,
			);
			sourceTree = "<group>";
		};
		78A1082F290384B6008F07BA /* Products */ = {
			isa = PBXGroup;
			children = (
				78A1082E290384B6008F07BA /* MVVMArchitectureTemplate.app */,
				78A10844290384B8008F07BA /* MVVMArchitectureTemplateTests.xctest */,
				78A1084E290384B8008F07BA /* MVVMArchitectureTemplateUITests.xctest */,
			);
			name = Products;
			sourceTree = "<group>";
		};
		78A10830290384B6008F07BA /* MVVMArchitectureTemplate */ = {
			isa = PBXGroup;
			children = (
				78A10831290384B6008F07BA /* AppDelegate.swift */,
				78A10833290384B6008F07BA /* SceneDelegate.swift */,
				78A10835290384B6008F07BA /* ViewController.swift */,
				78A10837290384B6008F07BA /* Main.storyboard */,
				78A1083A290384B8008F07BA /* Assets.xcassets */,
				78A1083C290384B8008F07BA /* LaunchScreen.storyboard */,
				78A1083F290384B8008F07BA /* Info.plist */,
			);
			path = MVVMArchitectureTemplate;
			sourceTree = "<group>";
		};
		78A10847290384B8008F07BA /* MVVMArchitectureTemplateTests */ = {
			isa = PBXGroup;
			children = (
				78A10848290384B8008F07BA /* MVVMArchitectureTemplateTests.swift */,
			);
			path = MVVMArchitectureTemplateTests;
			sourceTree = "<group>";
		};
		78A10851290384B8008F07BA /* MVVMArchitectureTemplateUITests */ = {
			isa = PBXGroup;
			children = (
				78A10852290384B8008F07BA /* MVVMArchitectureTemplateUITests.swift */,
				78A10854290384B8008F07BA /* MVVMArchitectureTemplateUITestsLaunchTests.swift */,
			);
			path = MVVMArchitectureTemplateUITests;
			sourceTree = "<group>";
		};
/* End PBXGroup section */

/* Begin PBXNativeTarget section */
		78A1082D290384B6008F07BA /* MVVMArchitectureTemplate */ = {
			isa = PBXNativeTarget;
			buildConfigurationList = 78A10858290384B8008F07BA /* Build configuration list for PBXNativeTarget "MVVMArchitectureTemplate" */;
			buildPhases = (
				78A1082A290384B6008F07BA /* Sources */,
				78A1082B290384B6008F07BA /* Frameworks */,
				78A1082C290384B6008F07BA /* Resources */,
			);
			buildRules = (
			);
			dependencies = (
			);
			name = MVVMArchitectureTemplate;
			productName = MVVMArchitectureTemplate;
			productReference = 78A1082E290384B6008F07BA /* MVVMArchitectureTemplate.app */;
			productType = "com.apple.product-type.application";
		};
		78A10843290384B8008F07BA /* MVVMArchitectureTemplateTests */ = {
			isa = PBXNativeTarget;
			buildConfigurationList = 78A1085B290384B8008F07BA /* Build configuration list for PBXNativeTarget "MVVMArchitectureTemplateTests" */;
			buildPhases = (
				78A10840290384B8008F07BA /* Sources */,
				78A10841290384B8008F07BA /* Frameworks */,
				78A10842290384B8008F07BA /* Resources */,
			);
			buildRules = (
			);
			dependencies = (
				78A10846290384B8008F07BA /* PBXTargetDependency */,
			);
			name = MVVMArchitectureTemplateTests;
			productName = MVVMArchitectureTemplateTests;
			productReference = 78A10844290384B8008F07BA /* MVVMArchitectureTemplateTests.xctest */;
			productType = "com.apple.product-type.bundle.unit-test";
		};
		78A1084D290384B8008F07BA /* MVVMArchitectureTemplateUITests */ = {
			isa = PBXNativeTarget;
			buildConfigurationList = 78A1085E290384B8008F07BA /* Build configuration list for PBXNativeTarget "MVVMArchitectureTemplateUITests" */;
			buildPhases = (
				78A1084A290384B8008F07BA /* Sources */,
				78A1084B290384B8008F07BA /* Frameworks */,
				78A1084C290384B8008F07BA /* Resources */,
			);
			buildRules = (
			);
			dependencies = (
				78A10850290384B8008F07BA /* PBXTargetDependency */,
			);
			name = MVVMArchitectureTemplateUITests;
			productName = MVVMArchitectureTemplateUITests;
			productReference = 78A1084E290384B8008F07BA /* MVVMArchitectureTemplateUITests.xctest */;
			productType = "com.apple.product-type.bundle.ui-testing";
		};
/* End PBXNativeTarget section */

/* Begin PBXProject section */
		78A10826290384B6008F07BA /* Project object */ = {
			isa = PBXProject;
			attributes = {
				BuildIndependentTargetsInParallel = 1;
				LastSwiftUpdateCheck = 1400;
				LastUpgradeCheck = 1400;
				TargetAttributes = {
					78A1082D290384B6008F07BA = {
						CreatedOnToolsVersion = 14.0.1;
					};
					78A10843290384B8008F07BA = {
						CreatedOnToolsVersion = 14.0.1;
						TestTargetID = 78A1082D290384B6008F07BA;
					};
					78A1084D290384B8008F07BA = {
						CreatedOnToolsVersion = 14.0.1;
						TestTargetID = 78A1082D290384B6008F07BA;
					};
				};
			};
			buildConfigurationList = 78A10829290384B6008F07BA /* Build configuration list for PBXProject "MVVMArchitectureTemplate" */;
			compatibilityVersion = "Xcode 14.0";
			developmentRegion = en;
			hasScannedForEncodings = 0;
			knownRegions = (
				en,
				Base,
			);
			mainGroup = 78A10825290384B6008F07BA;
			productRefGroup = 78A1082F290384B6008F07BA /* Products */;
			projectDirPath = "";
			projectRoot = "";
			targets = (
				78A1082D290384B6008F07BA /* MVVMArchitectureTemplate */,
				78A10843290384B8008F07BA /* MVVMArchitectureTemplateTests */,
				78A1084D290384B8008F07BA /* MVVMArchitectureTemplateUITests */,
			);
		};
/* End PBXProject section */

/* Begin PBXResourcesBuildPhase section */
		78A1082C290384B6008F07BA /* Resources */ = {
			isa = PBXResourcesBuildPhase;
			buildActionMask = 2147483647;
			files = (
				78A1083E290384B8008F07BA /* LaunchScreen.storyboard in Resources */,
				78A1083B290384B8008F07BA /* Assets.xcassets in Resources */,
				78A10839290384B6008F07BA /* Main.storyboard in Resources */,
			);
			runOnlyForDeploymentPostprocessing = 0;
		};
		78A10842290384B8008F07BA /* Resources */ = {
			isa = PBXResourcesBuildPhase;
			buildActionMask = 2147483647;
			files = (
			);
			runOnlyForDeploymentPostprocessing = 0;
		};
		78A1084C290384B8008F07BA /* Resources */ = {
			isa = PBXResourcesBuildPhase;
			buildActionMask = 2147483647;
			files = (
			);
			runOnlyForDeploymentPostprocessing = 0;
		};
/* End PBXResourcesBuildPhase section */

/* Begin PBXSourcesBuildPhase section */
		78A1082A290384B6008F07BA /* Sources */ = {
			isa = PBXSourcesBuildPhase;
			buildActionMask = 2147483647;
			files = (
				78A10836290384B6008F07BA /* ViewController.swift in Sources */,
				78A10832290384B6008F07BA /* AppDelegate.swift in Sources */,
				78A10834290384B6008F07BA /* SceneDelegate.swift in Sources */,
			);
			runOnlyForDeploymentPostprocessing = 0;
		};
		78A10840290384B8008F07BA /* Sources */ = {
			isa = PBXSourcesBuildPhase;
			buildActionMask = 2147483647;
			files = (
				78A10849290384B8008F07BA /* MVVMArchitectureTemplateTests.swift in Sources */,
			);
			runOnlyForDeploymentPostprocessing = 0;
		};
		78A1084A290384B8008F07BA /* Sources */ = {
			isa = PBXSourcesBuildPhase;
			buildActionMask = 2147483647;
			files = (
				78A10853290384B8008F07BA /* MVVMArchitectureTemplateUITests.swift in Sources */,
				78A10855290384B8008F07BA /* MVVMArchitectureTemplateUITestsLaunchTests.swift in Sources */,
			);
			runOnlyForDeploymentPostprocessing = 0;
		};
/* End PBXSourcesBuildPhase section */

/* Begin PBXTargetDependency section */
		78A10846290384B8008F07BA /* PBXTargetDependency */ = {
			isa = PBXTargetDependency;
			target = 78A1082D290384B6008F07BA /* MVVMArchitectureTemplate */;
			targetProxy = 78A10845290384B8008F07BA /* PBXContainerItemProxy */;
		};
		78A10850290384B8008F07BA /* PBXTargetDependency */ = {
			isa = PBXTargetDependency;
			target = 78A1082D290384B6008F07BA /* MVVMArchitectureTemplate */;
			targetProxy = 78A1084F290384B8008F07BA /* PBXContainerItemProxy */;
		};
/* End PBXTargetDependency section */

/* Begin PBXVariantGroup section */
		78A10837290384B6008F07BA /* Main.storyboard */ = {
			isa = PBXVariantGroup;
			children = (
				78A10838290384B6008F07BA /* Base */,
			);
			name = Main.storyboard;
			sourceTree = "<group>";
		};
		78A1083C290384B8008F07BA /* LaunchScreen.storyboard */ = {
			isa = PBXVariantGroup;
			children = (
				78A1083D290384B8008F07BA /* Base */,
			);
			name = LaunchScreen.storyboard;
			sourceTree = "<group>";
		};
/* End PBXVariantGroup section */

/* Begin XCBuildConfiguration section */
		78A10856290384B8008F07BA /* Debug */ = {
			isa = XCBuildConfiguration;
			buildSettings = {
				ALWAYS_SEARCH_USER_PATHS = NO;
				CLANG_ANALYZER_NONNULL = YES;
				CLANG_ANALYZER_NUMBER_OBJECT_CONVERSION = YES_AGGRESSIVE;
				CLANG_CXX_LANGUAGE_STANDARD = "gnu++20";
				CLANG_ENABLE_MODULES = YES;
				CLANG_ENABLE_OBJC_ARC = YES;
				CLANG_ENABLE_OBJC_WEAK = YES;
				CLANG_WARN_BLOCK_CAPTURE_AUTORELEASING = YES;
				CLANG_WARN_BOOL_CONVERSION = YES;
				CLANG_WARN_COMMA = YES;
				CLANG_WARN_CONSTANT_CONVERSION = YES;
				CLANG_WARN_DEPRECATED_OBJC_IMPLEMENTATIONS = YES;
				CLANG_WARN_DIRECT_OBJC_ISA_USAGE = YES_ERROR;
				CLANG_WARN_DOCUMENTATION_COMMENTS = YES;
				CLANG_WARN_EMPTY_BODY = YES;
				CLANG_WARN_ENUM_CONVERSION = YES;
				CLANG_WARN_INFINITE_RECURSION = YES;
				CLANG_WARN_INT_CONVERSION = YES;
				CLANG_WARN_NON_LITERAL_NULL_CONVERSION = YES;
				CLANG_WARN_OBJC_IMPLICIT_RETAIN_SELF = YES;
				CLANG_WARN_OBJC_LITERAL_CONVERSION = YES;
				CLANG_WARN_OBJC_ROOT_CLASS = YES_ERROR;
				CLANG_WARN_QUOTED_INCLUDE_IN_FRAMEWORK_HEADER = YES;
				CLANG_WARN_RANGE_LOOP_ANALYSIS = YES;
				CLANG_WARN_STRICT_PROTOTYPES = YES;
				CLANG_WARN_SUSPICIOUS_MOVE = YES;
				CLANG_WARN_UNGUARDED_AVAILABILITY = YES_AGGRESSIVE;
				CLANG_WARN_UNREACHABLE_CODE = YES;
				CLANG_WARN__DUPLICATE_METHOD_MATCH = YES;
				COPY_PHASE_STRIP = NO;
				DEBUG_INFORMATION_FORMAT = dwarf;
				ENABLE_STRICT_OBJC_MSGSEND = YES;
				ENABLE_TESTABILITY = YES;
				GCC_C_LANGUAGE_STANDARD = gnu11;
				GCC_DYNAMIC_NO_PIC = NO;
				GCC_NO_COMMON_BLOCKS = YES;
				GCC_OPTIMIZATION_LEVEL = 0;
				GCC_PREPROCESSOR_DEFINITIONS = (
					"DEBUG=1",
					"$(inherited)",
				);
				GCC_WARN_64_TO_32_BIT_CONVERSION = YES;
				GCC_WARN_ABOUT_RETURN_TYPE = YES_ERROR;
				GCC_WARN_UNDECLARED_SELECTOR = YES;
				GCC_WARN_UNINITIALIZED_AUTOS = YES_AGGRESSIVE;
				GCC_WARN_UNUSED_FUNCTION = YES;
				GCC_WARN_UNUSED_VARIABLE = YES;
				IPHONEOS_DEPLOYMENT_TARGET = 16.0;
				MTL_ENABLE_DEBUG_INFO = INCLUDE_SOURCE;
				MTL_FAST_MATH = YES;
				ONLY_ACTIVE_ARCH = YES;
				SDKROOT = iphoneos;
				SWIFT_ACTIVE_COMPILATION_CONDITIONS = DEBUG;
				SWIFT_OPTIMIZATION_LEVEL = "-Onone";
			};
			name = Debug;
		};
		78A10857290384B8008F07BA /* Release */ = {
			isa = XCBuildConfiguration;
			buildSettings = {
				ALWAYS_SEARCH_USER_PATHS = NO;
				CLANG_ANALYZER_NONNULL = YES;
				CLANG_ANALYZER_NUMBER_OBJECT_CONVERSION = YES_AGGRESSIVE;
				CLANG_CXX_LANGUAGE_STANDARD = "gnu++20";
				CLANG_ENABLE_MODULES = YES;
				CLANG_ENABLE_OBJC_ARC = YES;
				CLANG_ENABLE_OBJC_WEAK = YES;
				CLANG_WARN_BLOCK_CAPTURE_AUTORELEASING = YES;
				CLANG_WARN_BOOL_CONVERSION = YES;
				CLANG_WARN_COMMA = YES;
				CLANG_WARN_CONSTANT_CONVERSION = YES;
				CLANG_WARN_DEPRECATED_OBJC_IMPLEMENTATIONS = YES;
				CLANG_WARN_DIRECT_OBJC_ISA_USAGE = YES_ERROR;
				CLANG_WARN_DOCUMENTATION_COMMENTS = YES;
				CLANG_WARN_EMPTY_BODY = YES;
				CLANG_WARN_ENUM_CONVERSION = YES;
				CLANG_WARN_INFINITE_RECURSION = YES;
				CLANG_WARN_INT_CONVERSION = YES;
				CLANG_WARN_NON_LITERAL_NULL_CONVERSION = YES;
				CLANG_WARN_OBJC_IMPLICIT_RETAIN_SELF = YES;
				CLANG_WARN_OBJC_LITERAL_CONVERSION = YES;
				CLANG_WARN_OBJC_ROOT_CLASS = YES_ERROR;
				CLANG_WARN_QUOTED_INCLUDE_IN_FRAMEWORK_HEADER = YES;
				CLANG_WARN_RANGE_LOOP_ANALYSIS = YES;
				CLANG_WARN_STRICT_PROTOTYPES = YES;
				CLANG_WARN_SUSPICIOUS_MOVE = YES;
				CLANG_WARN_UNGUARDED_AVAILABILITY = YES_AGGRESSIVE;
				CLANG_WARN_UNREACHABLE_CODE = YES;
				CLANG_WARN__DUPLICATE_METHOD_MATCH = YES;
				COPY_PHASE_STRIP = NO;
				DEBUG_INFORMATION_FORMAT = "dwarf-with-dsym";
				ENABLE_NS_ASSERTIONS = NO;
				ENABLE_STRICT_OBJC_MSGSEND = YES;
				GCC_C_LANGUAGE_STANDARD = gnu11;
				GCC_NO_COMMON_BLOCKS = YES;
				GCC_WARN_64_TO_32_BIT_CONVERSION = YES;
				GCC_WARN_ABOUT_RETURN_TYPE = YES_ERROR;
				GCC_WARN_UNDECLARED_SELECTOR = YES;
				GCC_WARN_UNINITIALIZED_AUTOS = YES_AGGRESSIVE;
				GCC_WARN_UNUSED_FUNCTION = YES;
				GCC_WARN_UNUSED_VARIABLE = YES;
				IPHONEOS_DEPLOYMENT_TARGET = 16.0;
				MTL_ENABLE_DEBUG_INFO = NO;
				MTL_FAST_MATH = YES;
				SDKROOT = iphoneos;
				SWIFT_COMPILATION_MODE = wholemodule;
				SWIFT_OPTIMIZATION_LEVEL = "-O";
				VALIDATE_PRODUCT = YES;
			};
			name = Release;
		};
		78A10859290384B8008F07BA /* Debug */ = {
			isa = XCBuildConfiguration;
			buildSettings = {
				ASSETCATALOG_COMPILER_APPICON_NAME = AppIcon;
				ASSETCATALOG_COMPILER_GLOBAL_ACCENT_COLOR_NAME = AccentColor;
				CODE_SIGN_STYLE = Automatic;
				CURRENT_PROJECT_VERSION = 1;
				DEVELOPMENT_TEAM = HUU47824KU;
				GENERATE_INFOPLIST_FILE = YES;
				INFOPLIST_FILE = MVVMArchitectureTemplate/Info.plist;
				INFOPLIST_KEY_UIApplicationSupportsIndirectInputEvents = YES;
				INFOPLIST_KEY_UILaunchStoryboardName = LaunchScreen;
				INFOPLIST_KEY_UIMainStoryboardFile = Main;
				INFOPLIST_KEY_UISupportedInterfaceOrientations_iPad = "UIInterfaceOrientationPortrait UIInterfaceOrientationPortraitUpsideDown UIInterfaceOrientationLandscapeLeft UIInterfaceOrientationLandscapeRight";
				INFOPLIST_KEY_UISupportedInterfaceOrientations_iPhone = "UIInterfaceOrientationPortrait UIInterfaceOrientationLandscapeLeft UIInterfaceOrientationLandscapeRight";
				LD_RUNPATH_SEARCH_PATHS = (
					"$(inherited)",
					"@executable_path/Frameworks",
				);
				MARKETING_VERSION = 1.0;
				PRODUCT_BUNDLE_IDENTIFIER = "yossibank-yahoo.co.jp.MVVMArchitectureTemplate";
				PRODUCT_NAME = "$(TARGET_NAME)";
				SWIFT_EMIT_LOC_STRINGS = YES;
				SWIFT_VERSION = 5.0;
				TARGETED_DEVICE_FAMILY = "1,2";
			};
			name = Debug;
		};
		78A1085A290384B8008F07BA /* Release */ = {
			isa = XCBuildConfiguration;
			buildSettings = {
				ASSETCATALOG_COMPILER_APPICON_NAME = AppIcon;
				ASSETCATALOG_COMPILER_GLOBAL_ACCENT_COLOR_NAME = AccentColor;
				CODE_SIGN_STYLE = Automatic;
				CURRENT_PROJECT_VERSION = 1;
				DEVELOPMENT_TEAM = HUU47824KU;
				GENERATE_INFOPLIST_FILE = YES;
				INFOPLIST_FILE = MVVMArchitectureTemplate/Info.plist;
				INFOPLIST_KEY_UIApplicationSupportsIndirectInputEvents = YES;
				INFOPLIST_KEY_UILaunchStoryboardName = LaunchScreen;
				INFOPLIST_KEY_UIMainStoryboardFile = Main;
				INFOPLIST_KEY_UISupportedInterfaceOrientations_iPad = "UIInterfaceOrientationPortrait UIInterfaceOrientationPortraitUpsideDown UIInterfaceOrientationLandscapeLeft UIInterfaceOrientationLandscapeRight";
				INFOPLIST_KEY_UISupportedInterfaceOrientations_iPhone = "UIInterfaceOrientationPortrait UIInterfaceOrientationLandscapeLeft UIInterfaceOrientationLandscapeRight";
				LD_RUNPATH_SEARCH_PATHS = (
					"$(inherited)",
					"@executable_path/Frameworks",
				);
				MARKETING_VERSION = 1.0;
				PRODUCT_BUNDLE_IDENTIFIER = "yossibank-yahoo.co.jp.MVVMArchitectureTemplate";
				PRODUCT_NAME = "$(TARGET_NAME)";
				SWIFT_EMIT_LOC_STRINGS = YES;
				SWIFT_VERSION = 5.0;
				TARGETED_DEVICE_FAMILY = "1,2";
			};
			name = Release;
		};
		78A1085C290384B8008F07BA /* Debug */ = {
			isa = XCBuildConfiguration;
			buildSettings = {
				ALWAYS_EMBED_SWIFT_STANDARD_LIBRARIES = YES;
				BUNDLE_LOADER = "$(TEST_HOST)";
				CODE_SIGN_STYLE = Automatic;
				CURRENT_PROJECT_VERSION = 1;
				DEVELOPMENT_TEAM = HUU47824KU;
				GENERATE_INFOPLIST_FILE = YES;
				IPHONEOS_DEPLOYMENT_TARGET = 16.0;
				MARKETING_VERSION = 1.0;
				PRODUCT_BUNDLE_IDENTIFIER = "yossibank-yahoo.co.jp.MVVMArchitectureTemplateTests";
				PRODUCT_NAME = "$(TARGET_NAME)";
				SWIFT_EMIT_LOC_STRINGS = NO;
				SWIFT_VERSION = 5.0;
				TARGETED_DEVICE_FAMILY = "1,2";
				TEST_HOST = "$(BUILT_PRODUCTS_DIR)/MVVMArchitectureTemplate.app/$(BUNDLE_EXECUTABLE_FOLDER_PATH)/MVVMArchitectureTemplate";
			};
			name = Debug;
		};
		78A1085D290384B8008F07BA /* Release */ = {
			isa = XCBuildConfiguration;
			buildSettings = {
				ALWAYS_EMBED_SWIFT_STANDARD_LIBRARIES = YES;
				BUNDLE_LOADER = "$(TEST_HOST)";
				CODE_SIGN_STYLE = Automatic;
				CURRENT_PROJECT_VERSION = 1;
				DEVELOPMENT_TEAM = HUU47824KU;
				GENERATE_INFOPLIST_FILE = YES;
				IPHONEOS_DEPLOYMENT_TARGET = 16.0;
				MARKETING_VERSION = 1.0;
				PRODUCT_BUNDLE_IDENTIFIER = "yossibank-yahoo.co.jp.MVVMArchitectureTemplateTests";
				PRODUCT_NAME = "$(TARGET_NAME)";
				SWIFT_EMIT_LOC_STRINGS = NO;
				SWIFT_VERSION = 5.0;
				TARGETED_DEVICE_FAMILY = "1,2";
				TEST_HOST = "$(BUILT_PRODUCTS_DIR)/MVVMArchitectureTemplate.app/$(BUNDLE_EXECUTABLE_FOLDER_PATH)/MVVMArchitectureTemplate";
			};
			name = Release;
		};
		78A1085F290384B8008F07BA /* Debug */ = {
			isa = XCBuildConfiguration;
			buildSettings = {
				ALWAYS_EMBED_SWIFT_STANDARD_LIBRARIES = YES;
				CODE_SIGN_STYLE = Automatic;
				CURRENT_PROJECT_VERSION = 1;
				DEVELOPMENT_TEAM = HUU47824KU;
				GENERATE_INFOPLIST_FILE = YES;
				MARKETING_VERSION = 1.0;
				PRODUCT_BUNDLE_IDENTIFIER = "yossibank-yahoo.co.jp.MVVMArchitectureTemplateUITests";
				PRODUCT_NAME = "$(TARGET_NAME)";
				SWIFT_EMIT_LOC_STRINGS = NO;
				SWIFT_VERSION = 5.0;
				TARGETED_DEVICE_FAMILY = "1,2";
				TEST_TARGET_NAME = MVVMArchitectureTemplate;
			};
			name = Debug;
		};
		78A10860290384B8008F07BA /* Release */ = {
			isa = XCBuildConfiguration;
			buildSettings = {
				ALWAYS_EMBED_SWIFT_STANDARD_LIBRARIES = YES;
				CODE_SIGN_STYLE = Automatic;
				CURRENT_PROJECT_VERSION = 1;
				DEVELOPMENT_TEAM = HUU47824KU;
				GENERATE_INFOPLIST_FILE = YES;
				MARKETING_VERSION = 1.0;
				PRODUCT_BUNDLE_IDENTIFIER = "yossibank-yahoo.co.jp.MVVMArchitectureTemplateUITests";
				PRODUCT_NAME = "$(TARGET_NAME)";
				SWIFT_EMIT_LOC_STRINGS = NO;
				SWIFT_VERSION = 5.0;
				TARGETED_DEVICE_FAMILY = "1,2";
				TEST_TARGET_NAME = MVVMArchitectureTemplate;
			};
			name = Release;
		};
/* End XCBuildConfiguration section */

/* Begin XCConfigurationList section */
		78A10829290384B6008F07BA /* Build configuration list for PBXProject "MVVMArchitectureTemplate" */ = {
			isa = XCConfigurationList;
			buildConfigurations = (
				78A10856290384B8008F07BA /* Debug */,
				78A10857290384B8008F07BA /* Release */,
			);
			defaultConfigurationIsVisible = 0;
			defaultConfigurationName = Release;
		};
		78A10858290384B8008F07BA /* Build configuration list for PBXNativeTarget "MVVMArchitectureTemplate" */ = {
			isa = XCConfigurationList;
			buildConfigurations = (
				78A10859290384B8008F07BA /* Debug */,
				78A1085A290384B8008F07BA /* Release */,
			);
			defaultConfigurationIsVisible = 0;
			defaultConfigurationName = Release;
		};
		78A1085B290384B8008F07BA /* Build configuration list for PBXNativeTarget "MVVMArchitectureTemplateTests" */ = {
			isa = XCConfigurationList;
			buildConfigurations = (
				78A1085C290384B8008F07BA /* Debug */,
				78A1085D290384B8008F07BA /* Release */,
			);
			defaultConfigurationIsVisible = 0;
			defaultConfigurationName = Release;
		};
		78A1085E290384B8008F07BA /* Build configuration list for PBXNativeTarget "MVVMArchitectureTemplateUITests" */ = {
			isa = XCConfigurationList;
			buildConfigurations = (
				78A1085F290384B8008F07BA /* Debug */,
				78A10860290384B8008F07BA /* Release */,
			);
			defaultConfigurationIsVisible = 0;
			defaultConfigurationName = Release;
		};
/* End XCConfigurationList section */
	};
	rootObject = 78A10826290384B6008F07BA /* Project object */;
}
